
Microsoft Visual Studio Solution File, Format Version 12.00
# Visual Studio 15
VisualStudioVersion = 15.0.28010.2048
MinimumVisualStudioVersion = 10.0.40219.1
Project("{FAE04EC0-301F-11D3-BF4B-00C04F79EFBC}") = "FormsNonTrivialDemo.Android", "FormsNonTrivialDemo\FormsNonTrivialDemo.Android\FormsNonTrivialDemo.Android.csproj", "{24CE3C36-16B9-426D-AA0C-5961ECF8D88C}"
EndProject
Project("{FAE04EC0-301F-11D3-BF4B-00C04F79EFBC}") = "FormsNonTrivialDemo.iOS", "FormsNonTrivialDemo\FormsNonTrivialDemo.iOS\FormsNonTrivialDemo.iOS.csproj", "{C1D3A613-778C-48E5-BDC6-1BD92C90787F}"
EndProject
Project("{FAE04EC0-301F-11D3-BF4B-00C04F79EFBC}") = "FormsNonTrivialDemo", "FormsNonTrivialDemo\FormsNonTrivialDemo\FormsNonTrivialDemo.csproj", "{5C03D7BE-689F-4AE1-8D13-68445A0E8FA0}"
EndProject
Global
	GlobalSection(SolutionConfigurationPlatforms) = preSolution
		Debug|Any CPU = Debug|Any CPU
		Debug|iPhone = Debug|iPhone
		Debug|iPhoneSimulator = Debug|iPhoneSimulator
		Release|Any CPU = Release|Any CPU
		Release|iPhone = Release|iPhone
		Release|iPhoneSimulator = Release|iPhoneSimulator
	EndGlobalSection
	GlobalSection(ProjectConfigurationPlatforms) = postSolution
		{24CE3C36-16B9-426D-AA0C-5961ECF8D88C}.Debug|Any CPU.ActiveCfg = Debug|Any CPU
		{24CE3C36-16B9-426D-AA0C-5961ECF8D88C}.Debug|Any CPU.Build.0 = Debug|Any CPU
		{24CE3C36-16B9-426D-AA0C-5961ECF8D88C}.Debug|Any CPU.Deploy.0 = Debug|Any CPU
		{24CE3C36-16B9-426D-AA0C-5961ECF8D88C}.Debug|iPhone.ActiveCfg = Debug|Any CPU
		{24CE3C36-16B9-426D-AA0C-5961ECF8D88C}.Debug|iPhone.Build.0 = Debug|Any CPU
		{24CE3C36-16B9-426D-AA0C-5961ECF8D88C}.Debug|iPhone.Deploy.0 = Debug|Any CPU
		{24CE3C36-16B9-426D-AA0C-5961ECF8D88C}.Debug|iPhoneSimulator.ActiveCfg = Debug|Any CPU
		{24CE3C36-16B9-426D-AA0C-5961ECF8D88C}.Debug|iPhoneSimulator.Build.0 = Debug|Any CPU
		{24CE3C36-16B9-426D-AA0C-5961ECF8D88C}.Debug|iPhoneSimulator.Deploy.0 = Debug|Any CPU
		{24CE3C36-16B9-426D-AA0C-5961ECF8D88C}.Release|Any CPU.ActiveCfg = Release|Any CPU
		{24CE3C36-16B9-426D-AA0C-5961ECF8D88C}.Release|Any CPU.Build.0 = Release|Any CPU
		{24CE3C36-16B9-426D-AA0C-5961ECF8D88C}.Release|Any CPU.Deploy.0 = Release|Any CPU
		{24CE3C36-16B9-426D-AA0C-5961ECF8D88C}.Release|iPhone.ActiveCfg = Release|Any CPU
		{24CE3C36-16B9-426D-AA0C-5961ECF8D88C}.Release|iPhone.Build.0 = Release|Any CPU
		{24CE3C36-16B9-426D-AA0C-5961ECF8D88C}.Release|iPhone.Deploy.0 = Release|Any CPU
		{24CE3C36-16B9-426D-AA0C-5961ECF8D88C}.Release|iPhoneSimulator.ActiveCfg = Release|Any CPU
		{24CE3C36-16B9-426D-AA0C-5961ECF8D88C}.Release|iPhoneSimulator.Build.0 = Release|Any CPU
		{24CE3C36-16B9-426D-AA0C-5961ECF8D88C}.Release|iPhoneSimulator.Deploy.0 = Release|Any CPU
		{C1D3A613-778C-48E5-BDC6-1BD92C90787F}.Debug|Any CPU.ActiveCfg = Debug|iPhoneSimulator
		{C1D3A613-778C-48E5-BDC6-1BD92C90787F}.Debug|Any CPU.Build.0 = Debug|iPhoneSimulator
		{C1D3A613-778C-48E5-BDC6-1BD92C90787F}.Debug|Any CPU.Deploy.0 = Debug|iPhoneSimulator
		{C1D3A613-778C-48E5-BDC6-1BD92C90787F}.Debug|iPhone.ActiveCfg = Debug|iPhone
		{C1D3A613-778C-48E5-BDC6-1BD92C90787F}.Debug|iPhone.Build.0 = Debug|iPhone
		{C1D3A613-778C-48E5-BDC6-1BD92C90787F}.Debug|iPhone.Deploy.0 = Debug|iPhone
		{C1D3A613-778C-48E5-BDC6-1BD92C90787F}.Debug|iPhoneSimulator.ActiveCfg = Debug|iPhoneSimulator
		{C1D3A613-778C-48E5-BDC6-1BD92C90787F}.Debug|iPhoneSimulator.Build.0 = Debug|iPhoneSimulator
		{C1D3A613-778C-48E5-BDC6-1BD92C90787F}.Debug|iPhoneSimulator.Deploy.0 = Debug|iPhoneSimulator
		{C1D3A613-778C-48E5-BDC6-1BD92C90787F}.Release|Any CPU.ActiveCfg = Release|iPhone
		{C1D3A613-778C-48E5-BDC6-1BD92C90787F}.Release|Any CPU.Build.0 = Release|iPhone
		{C1D3A613-778C-48E5-BDC6-1BD92C90787F}.Release|Any CPU.Deploy.0 = Release|iPhone
		{C1D3A613-778C-48E5-BDC6-1BD92C90787F}.Release|iPhone.ActiveCfg = Release|iPhone
		{C1D3A613-778C-48E5-BDC6-1BD92C90787F}.Release|iPhone.Build.0 = Release|iPhone
		{C1D3A613-778C-48E5-BDC6-1BD92C90787F}.Release|iPhone.Deploy.0 = Release|iPhone
		{C1D3A613-778C-48E5-BDC6-1BD92C90787F}.Release|iPhoneSimulator.ActiveCfg = Release|iPhoneSimulator
		{C1D3A613-778C-48E5-BDC6-1BD92C90787F}.Release|iPhoneSimulator.Build.0 = Release|iPhoneSimulator
		{C1D3A613-778C-48E5-BDC6-1BD92C90787F}.Release|iPhoneSimulator.Deploy.0 = Release|iPhoneSimulator
		{5C03D7BE-689F-4AE1-8D13-68445A0E8FA0}.Debug|Any CPU.ActiveCfg = Debug|Any CPU
		{5C03D7BE-689F-4AE1-8D13-68445A0E8FA0}.Debug|Any CPU.Build.0 = Debug|Any CPU
		{5C03D7BE-689F-4AE1-8D13-68445A0E8FA0}.Debug|Any CPU.Deploy.0 = Debug|Any CPU
		{5C03D7BE-689F-4AE1-8D13-68445A0E8FA0}.Debug|iPhone.ActiveCfg = Debug|Any CPU
		{5C03D7BE-689F-4AE1-8D13-68445A0E8FA0}.Debug|iPhone.Build.0 = Debug|Any CPU
		{5C03D7BE-689F-4AE1-8D13-68445A0E8FA0}.Debug|iPhone.Deploy.0 = Debug|Any CPU
		{5C03D7BE-689F-4AE1-8D13-68445A0E8FA0}.Debug|iPhoneSimulator.ActiveCfg = Debug|Any CPU
		{5C03D7BE-689F-4AE1-8D13-68445A0E8FA0}.Debug|iPhoneSimulator.Build.0 = Debug|Any CPU
		{5C03D7BE-689F-4AE1-8D13-68445A0E8FA0}.Debug|iPhoneSimulator.Deploy.0 = Debug|Any CPU
		{5C03D7BE-689F-4AE1-8D13-68445A0E8FA0}.Release|Any CPU.ActiveCfg = Release|Any CPU
		{5C03D7BE-689F-4AE1-8D13-68445A0E8FA0}.Release|Any CPU.Build.0 = Release|Any CPU
		{5C03D7BE-689F-4AE1-8D13-68445A0E8FA0}.Release|Any CPU.Deploy.0 = Release|Any CPU
		{5C03D7BE-689F-4AE1-8D13-68445A0E8FA0}.Release|iPhone.ActiveCfg = Release|Any CPU
		{5C03D7BE-689F-4AE1-8D13-68445A0E8FA0}.Release|iPhone.Build.0 = Release|Any CPU
		{5C03D7BE-689F-4AE1-8D13-68445A0E8FA0}.Release|iPhone.Deploy.0 = Release|Any CPU
		{5C03D7BE-689F-4AE1-8D13-68445A0E8FA0}.Release|iPhoneSimulator.ActiveCfg = Release|Any CPU
		{5C03D7BE-689F-4AE1-8D13-68445A0E8FA0}.Release|iPhoneSimulator.Build.0 = Release|Any CPU
		{5C03D7BE-689F-4AE1-8D13-68445A0E8FA0}.Release|iPhoneSimulator.Deploy.0 = Release|Any CPU
	EndGlobalSection
	GlobalSection(SolutionProperties) = preSolution
		HideSolutionNode = FALSE
	EndGlobalSection
	GlobalSection(ExtensibilityGlobals) = postSolution
		SolutionGuid = {799A6EAB-7418-4FC6-B812-DEE4A2942683}
	EndGlobalSection
EndGlobal
